// !$*UTF8*$!
{
	archiveVersion = 1;
	classes = {
	};
	objectVersion = 50;
	objects = {

/* Begin PBXBuildFile section */
		3631D9E525D9F9550087DDE3 /* AppDelegate.swift in Sources */ = {isa = PBXBuildFile; fileRef = 3631D9E425D9F9550087DDE3 /* AppDelegate.swift */; };
		3631D9E725D9F9550087DDE3 /* SceneDelegate.swift in Sources */ = {isa = PBXBuildFile; fileRef = 3631D9E625D9F9550087DDE3 /* SceneDelegate.swift */; };
		3631D9EC25D9F9550087DDE3 /* Main.storyboard in Resources */ = {isa = PBXBuildFile; fileRef = 3631D9EA25D9F9550087DDE3 /* Main.storyboard */; };
		3631D9EE25D9F9580087DDE3 /* Assets.xcassets in Resources */ = {isa = PBXBuildFile; fileRef = 3631D9ED25D9F9580087DDE3 /* Assets.xcassets */; };
		3631D9F125D9F9580087DDE3 /* LaunchScreen.storyboard in Resources */ = {isa = PBXBuildFile; fileRef = 3631D9EF25D9F9580087DDE3 /* LaunchScreen.storyboard */; };
		3631D9FC25D9F9580087DDE3 /* flixAppTests.swift in Sources */ = {isa = PBXBuildFile; fileRef = 3631D9FB25D9F9580087DDE3 /* flixAppTests.swift */; };
		3631DA0725D9F9580087DDE3 /* flixAppUITests.swift in Sources */ = {isa = PBXBuildFile; fileRef = 3631DA0625D9F9580087DDE3 /* flixAppUITests.swift */; };
		3631DA1B25DA01D30087DDE3 /* MoviesViewController.swift in Sources */ = {isa = PBXBuildFile; fileRef = 3631DA1A25DA01D30087DDE3 /* MoviesViewController.swift */; };
/* End PBXBuildFile section */

/* Begin PBXContainerItemProxy section */
		3631D9F825D9F9580087DDE3 /* PBXContainerItemProxy */ = {
			isa = PBXContainerItemProxy;
			containerPortal = 3631D9D925D9F9540087DDE3 /* Project object */;
			proxyType = 1;
			remoteGlobalIDString = 3631D9E025D9F9550087DDE3;
			remoteInfo = flixApp;
		};
		3631DA0325D9F9580087DDE3 /* PBXContainerItemProxy */ = {
			isa = PBXContainerItemProxy;
			containerPortal = 3631D9D925D9F9540087DDE3 /* Project object */;
			proxyType = 1;
			remoteGlobalIDString = 3631D9E025D9F9550087DDE3;
			remoteInfo = flixApp;
		};
/* End PBXContainerItemProxy section */

/* Begin PBXFileReference section */
		3631D9E125D9F9550087DDE3 /* flixApp.app */ = {isa = PBXFileReference; explicitFileType = wrapper.application; includeInIndex = 0; path = flixApp.app; sourceTree = BUILT_PRODUCTS_DIR; };
		3631D9E425D9F9550087DDE3 /* AppDelegate.swift */ = {isa = PBXFileReference; lastKnownFileType = sourcecode.swift; path = AppDelegate.swift; sourceTree = "<group>"; };
		3631D9E625D9F9550087DDE3 /* SceneDelegate.swift */ = {isa = PBXFileReference; lastKnownFileType = sourcecode.swift; path = SceneDelegate.swift; sourceTree = "<group>"; };
		3631D9EB25D9F9550087DDE3 /* Base */ = {isa = PBXFileReference; lastKnownFileType = file.storyboard; name = Base; path = Base.lproj/Main.storyboard; sourceTree = "<group>"; };
		3631D9ED25D9F9580087DDE3 /* Assets.xcassets */ = {isa = PBXFileReference; lastKnownFileType = folder.assetcatalog; path = Assets.xcassets; sourceTree = "<group>"; };
		3631D9F025D9F9580087DDE3 /* Base */ = {isa = PBXFileReference; lastKnownFileType = file.storyboard; name = Base; path = Base.lproj/LaunchScreen.storyboard; sourceTree = "<group>"; };
		3631D9F225D9F9580087DDE3 /* Info.plist */ = {isa = PBXFileReference; lastKnownFileType = text.plist.xml; path = Info.plist; sourceTree = "<group>"; };
		3631D9F725D9F9580087DDE3 /* flixAppTests.xctest */ = {isa = PBXFileReference; explicitFileType = wrapper.cfbundle; includeInIndex = 0; path = flixAppTests.xctest; sourceTree = BUILT_PRODUCTS_DIR; };
		3631D9FB25D9F9580087DDE3 /* flixAppTests.swift */ = {isa = PBXFileReference; lastKnownFileType = sourcecode.swift; path = flixAppTests.swift; sourceTree = "<group>"; };
		3631D9FD25D9F9580087DDE3 /* Info.plist */ = {isa = PBXFileReference; lastKnownFileType = text.plist.xml; path = Info.plist; sourceTree = "<group>"; };
		3631DA0225D9F9580087DDE3 /* flixAppUITests.xctest */ = {isa = PBXFileReference; explicitFileType = wrapper.cfbundle; includeInIndex = 0; path = flixAppUITests.xctest; sourceTree = BUILT_PRODUCTS_DIR; };
		3631DA0625D9F9580087DDE3 /* flixAppUITests.swift */ = {isa = PBXFileReference; lastKnownFileType = sourcecode.swift; path = flixAppUITests.swift; sourceTree = "<group>"; };
		3631DA0825D9F9580087DDE3 /* Info.plist */ = {isa = PBXFileReference; lastKnownFileType = text.plist.xml; path = Info.plist; sourceTree = "<group>"; };
		3631DA1A25DA01D30087DDE3 /* MoviesViewController.swift */ = {isa = PBXFileReference; lastKnownFileType = sourcecode.swift; path = MoviesViewController.swift; sourceTree = "<group>"; };
/* End PBXFileReference section */

/* Begin PBXFrameworksBuildPhase section */
		3631D9DE25D9F9550087DDE3 /* Frameworks */ = {
			isa = PBXFrameworksBuildPhase;
			buildActionMask = 2147483647;
			files = (
			);
			runOnlyForDeploymentPostprocessing = 0;
		};
		3631D9F425D9F9580087DDE3 /* Frameworks */ = {
			isa = PBXFrameworksBuildPhase;
			buildActionMask = 2147483647;
			files = (
			);
			runOnlyForDeploymentPostprocessing = 0;
		};
		3631D9FF25D9F9580087DDE3 /* Frameworks */ = {
			isa = PBXFrameworksBuildPhase;
			buildActionMask = 2147483647;
			files = (
			);
			runOnlyForDeploymentPostprocessing = 0;
		};
/* End PBXFrameworksBuildPhase section */

/* Begin PBXGroup section */
		3631D9D825D9F9540087DDE3 = {
			isa = PBXGroup;
			children = (
				3631D9E325D9F9550087DDE3 /* flixApp */,
				3631D9FA25D9F9580087DDE3 /* flixAppTests */,
				3631DA0525D9F9580087DDE3 /* flixAppUITests */,
				3631D9E225D9F9550087DDE3 /* Products */,
			);
			sourceTree = "<group>";
		};
		3631D9E225D9F9550087DDE3 /* Products */ = {
			isa = PBXGroup;
			children = (
				3631D9E125D9F9550087DDE3 /* flixApp.app */,
				3631D9F725D9F9580087DDE3 /* flixAppTests.xctest */,
				3631DA0225D9F9580087DDE3 /* flixAppUITests.xctest */,
			);
			name = Products;
			sourceTree = "<group>";
		};
		3631D9E325D9F9550087DDE3 /* flixApp */ = {
			isa = PBXGroup;
			children = (
				3631D9E425D9F9550087DDE3 /* AppDelegate.swift */,
				3631D9E625D9F9550087DDE3 /* SceneDelegate.swift */,
				3631D9EA25D9F9550087DDE3 /* Main.storyboard */,
				3631D9ED25D9F9580087DDE3 /* Assets.xcassets */,
				3631D9EF25D9F9580087DDE3 /* LaunchScreen.storyboard */,
				3631D9F225D9F9580087DDE3 /* Info.plist */,
				3631DA1A25DA01D30087DDE3 /* MoviesViewController.swift */,
			);
			path = flixApp;
			sourceTree = "<group>";
		};
		3631D9FA25D9F9580087DDE3 /* flixAppTests */ = {
			isa = PBXGroup;
			children = (
				3631D9FB25D9F9580087DDE3 /* flixAppTests.swift */,
				3631D9FD25D9F9580087DDE3 /* Info.plist */,
			);
			path = flixAppTests;
			sourceTree = "<group>";
		};
		3631DA0525D9F9580087DDE3 /* flixAppUITests */ = {
			isa = PBXGroup;
			children = (
				3631DA0625D9F9580087DDE3 /* flixAppUITests.swift */,
				3631DA0825D9F9580087DDE3 /* Info.plist */,
			);
			path = flixAppUITests;
			sourceTree = "<group>";
		};
/* End PBXGroup section */

/* Begin PBXNativeTarget section */
		3631D9E025D9F9550087DDE3 /* flixApp */ = {
			isa = PBXNativeTarget;
			buildConfigurationList = 3631DA0B25D9F9580087DDE3 /* Build configuration list for PBXNativeTarget "flixApp" */;
			buildPhases = (
				3631D9DD25D9F9550087DDE3 /* Sources */,
				3631D9DE25D9F9550087DDE3 /* Frameworks */,
				3631D9DF25D9F9550087DDE3 /* Resources */,
			);
			buildRules = (
			);
			dependencies = (
			);
			name = flixApp;
			productName = flixApp;
			productReference = 3631D9E125D9F9550087DDE3 /* flixApp.app */;
			productType = "com.apple.product-type.application";
		};
		3631D9F625D9F9580087DDE3 /* flixAppTests */ = {
			isa = PBXNativeTarget;
			buildConfigurationList = 3631DA0E25D9F9580087DDE3 /* Build configuration list for PBXNativeTarget "flixAppTests" */;
			buildPhases = (
				3631D9F325D9F9580087DDE3 /* Sources */,
				3631D9F425D9F9580087DDE3 /* Frameworks */,
				3631D9F525D9F9580087DDE3 /* Resources */,
			);
			buildRules = (
			);
			dependencies = (
				3631D9F925D9F9580087DDE3 /* PBXTargetDependency */,
			);
			name = flixAppTests;
			productName = flixAppTests;
			productReference = 3631D9F725D9F9580087DDE3 /* flixAppTests.xctest */;
			productType = "com.apple.product-type.bundle.unit-test";
		};
		3631DA0125D9F9580087DDE3 /* flixAppUITests */ = {
			isa = PBXNativeTarget;
			buildConfigurationList = 3631DA1125D9F9580087DDE3 /* Build configuration list for PBXNativeTarget "flixAppUITests" */;
			buildPhases = (
				3631D9FE25D9F9580087DDE3 /* Sources */,
				3631D9FF25D9F9580087DDE3 /* Frameworks */,
				3631DA0025D9F9580087DDE3 /* Resources */,
			);
			buildRules = (
			);
			dependencies = (
				3631DA0425D9F9580087DDE3 /* PBXTargetDependency */,
			);
			name = flixAppUITests;
			productName = flixAppUITests;
			productReference = 3631DA0225D9F9580087DDE3 /* flixAppUITests.xctest */;
			productType = "com.apple.product-type.bundle.ui-testing";
		};
/* End PBXNativeTarget section */

/* Begin PBXProject section */
		3631D9D925D9F9540087DDE3 /* Project object */ = {
			isa = PBXProject;
			attributes = {
				LastSwiftUpdateCheck = 1240;
				LastUpgradeCheck = 1240;
				TargetAttributes = {
					3631D9E025D9F9550087DDE3 = {
						CreatedOnToolsVersion = 12.4;
					};
					3631D9F625D9F9580087DDE3 = {
						CreatedOnToolsVersion = 12.4;
						TestTargetID = 3631D9E025D9F9550087DDE3;
					};
					3631DA0125D9F9580087DDE3 = {
						CreatedOnToolsVersion = 12.4;
						TestTargetID = 3631D9E025D9F9550087DDE3;
					};
				};
			};
			buildConfigurationList = 3631D9DC25D9F9540087DDE3 /* Build configuration list for PBXProject "flixApp" */;
			compatibilityVersion = "Xcode 9.3";
			developmentRegion = en;
			hasScannedForEncodings = 0;
			knownRegions = (
				en,
				Base,
			);
			mainGroup = 3631D9D825D9F9540087DDE3;
			productRefGroup = 3631D9E225D9F9550087DDE3 /* Products */;
			projectDirPath = "";
			projectRoot = "";
			targets = (
				3631D9E025D9F9550087DDE3 /* flixApp */,
				3631D9F625D9F9580087DDE3 /* flixAppTests */,
				3631DA0125D9F9580087DDE3 /* flixAppUITests */,
			);
		};
/* End PBXProject section */

/* Begin PBXResourcesBuildPhase section */
		3631D9DF25D9F9550087DDE3 /* Resources */ = {
			isa = PBXResourcesBuildPhase;
			buildActionMask = 2147483647;
			files = (
				3631D9F125D9F9580087DDE3 /* LaunchScreen.storyboard in Resources */,
				3631D9EE25D9F9580087DDE3 /* Assets.xcassets in Resources */,
				3631D9EC25D9F9550087DDE3 /* Main.storyboard in Resources */,
			);
			runOnlyForDeploymentPostprocessing = 0;
		};
		3631D9F525D9F9580087DDE3 /* Resources */ = {
			isa = PBXResourcesBuildPhase;
			buildActionMask = 2147483647;
			files = (
			);
			runOnlyForDeploymentPostprocessing = 0;
		};
		3631DA0025D9F9580087DDE3 /* Resources */ = {
			isa = PBXResourcesBuildPhase;
			buildActionMask = 2147483647;
			files = (
			);
			runOnlyForDeploymentPostprocessing = 0;
		};
/* End PBXResourcesBuildPhase section */

/* Begin PBXSourcesBuildPhase section */
		3631D9DD25D9F9550087DDE3 /* Sources */ = {
			isa = PBXSourcesBuildPhase;
			buildActionMask = 2147483647;
			files = (
				3631D9E525D9F9550087DDE3 /* AppDelegate.swift in Sources */,
				3631D9E725D9F9550087DDE3 /* SceneDelegate.swift in Sources */,
				3631DA1B25DA01D30087DDE3 /* MoviesViewController.swift in Sources */,
			);
			runOnlyForDeploymentPostprocessing = 0;
		};
		3631D9F325D9F9580087DDE3 /* Sources */ = {
			isa = PBXSourcesBuildPhase;
			buildActionMask = 2147483647;
			files = (
				3631D9FC25D9F9580087DDE3 /* flixAppTests.swift in Sources */,
			);
			runOnlyForDeploymentPostprocessing = 0;
		};
		3631D9FE25D9F9580087DDE3 /* Sources */ = {
			isa = PBXSourcesBuildPhase;
			buildActionMask = 2147483647;
			files = (
				3631DA0725D9F9580087DDE3 /* flixAppUITests.swift in Sources */,
			);
			runOnlyForDeploymentPostprocessing = 0;
		};
/* End PBXSourcesBuildPhase section */

/* Begin PBXTargetDependency section */
		3631D9F925D9F9580087DDE3 /* PBXTargetDependency */ = {
			isa = PBXTargetDependency;
			target = 3631D9E025D9F9550087DDE3 /* flixApp */;
			targetProxy = 3631D9F825D9F9580087DDE3 /* PBXContainerItemProxy */;
		};
		3631DA0425D9F9580087DDE3 /* PBXTargetDependency */ = {
			isa = PBXTargetDependency;
			target = 3631D9E025D9F9550087DDE3 /* flixApp */;
			targetProxy = 3631DA0325D9F9580087DDE3 /* PBXContainerItemProxy */;
		};
/* End PBXTargetDependency section */

/* Begin PBXVariantGroup section */
		3631D9EA25D9F9550087DDE3 /* Main.storyboard */ = {
			isa = PBXVariantGroup;
			children = (
				3631D9EB25D9F9550087DDE3 /* Base */,
			);
			name = Main.storyboard;
			sourceTree = "<group>";
		};
		3631D9EF25D9F9580087DDE3 /* LaunchScreen.storyboard */ = {
			isa = PBXVariantGroup;
			children = (
				3631D9F025D9F9580087DDE3 /* Base */,
			);
			name = LaunchScreen.storyboard;
			sourceTree = "<group>";
		};
/* End PBXVariantGroup section */

/* Begin XCBuildConfiguration section */
		3631DA0925D9F9580087DDE3 /* Debug */ = {
			isa = XCBuildConfiguration;
			buildSettings = {
				ALWAYS_SEARCH_USER_PATHS = NO;
				CLANG_ANALYZER_NONNULL = YES;
				CLANG_ANALYZER_NUMBER_OBJECT_CONVERSION = YES_AGGRESSIVE;
				CLANG_CXX_LANGUAGE_STANDARD = "gnu++14";
				CLANG_CXX_LIBRARY = "libc++";
				CLANG_ENABLE_MODULES = YES;
				CLANG_ENABLE_OBJC_ARC = YES;
				CLANG_ENABLE_OBJC_WEAK = YES;
				CLANG_WARN_BLOCK_CAPTURE_AUTORELEASING = YES;
				CLANG_WARN_BOOL_CONVERSION = YES;
				CLANG_WARN_COMMA = YES;
				CLANG_WARN_CONSTANT_CONVERSION = YES;
				CLANG_WARN_DEPRECATED_OBJC_IMPLEMENTATIONS = YES;
				CLANG_WARN_DIRECT_OBJC_ISA_USAGE = YES_ERROR;
				CLANG_WARN_DOCUMENTATION_COMMENTS = YES;
				CLANG_WARN_EMPTY_BODY = YES;
				CLANG_WARN_ENUM_CONVERSION = YES;
				CLANG_WARN_INFINITE_RECURSION = YES;
				CLANG_WARN_INT_CONVERSION = YES;
				CLANG_WARN_NON_LITERAL_NULL_CONVERSION = YES;
				CLANG_WARN_OBJC_IMPLICIT_RETAIN_SELF = YES;
				CLANG_WARN_OBJC_LITERAL_CONVERSION = YES;
				CLANG_WARN_OBJC_ROOT_CLASS = YES_ERROR;
				CLANG_WARN_QUOTED_INCLUDE_IN_FRAMEWORK_HEADER = YES;
				CLANG_WARN_RANGE_LOOP_ANALYSIS = YES;
				CLANG_WARN_STRICT_PROTOTYPES = YES;
				CLANG_WARN_SUSPICIOUS_MOVE = YES;
				CLANG_WARN_UNGUARDED_AVAILABILITY = YES_AGGRESSIVE;
				CLANG_WARN_UNREACHABLE_CODE = YES;
				CLANG_WARN__DUPLICATE_METHOD_MATCH = YES;
				COPY_PHASE_STRIP = NO;
				DEBUG_INFORMATION_FORMAT = dwarf;
				ENABLE_STRICT_OBJC_MSGSEND = YES;
				ENABLE_TESTABILITY = YES;
				GCC_C_LANGUAGE_STANDARD = gnu11;
				GCC_DYNAMIC_NO_PIC = NO;
				GCC_NO_COMMON_BLOCKS = YES;
				GCC_OPTIMIZATION_LEVEL = 0;
				GCC_PREPROCESSOR_DEFINITIONS = (
					"DEBUG=1",
					"$(inherited)",
				);
				GCC_WARN_64_TO_32_BIT_CONVERSION = YES;
				GCC_WARN_ABOUT_RETURN_TYPE = YES_ERROR;
				GCC_WARN_UNDECLARED_SELECTOR = YES;
				GCC_WARN_UNINITIALIZED_AUTOS = YES_AGGRESSIVE;
				GCC_WARN_UNUSED_FUNCTION = YES;
				GCC_WARN_UNUSED_VARIABLE = YES;
				IPHONEOS_DEPLOYMENT_TARGET = 14.4;
				MTL_ENABLE_DEBUG_INFO = INCLUDE_SOURCE;
				MTL_FAST_MATH = YES;
				ONLY_ACTIVE_ARCH = YES;
				SDKROOT = iphoneos;
				SWIFT_ACTIVE_COMPILATION_CONDITIONS = DEBUG;
				SWIFT_OPTIMIZATION_LEVEL = "-Onone";
			};
			name = Debug;
		};
		3631DA0A25D9F9580087DDE3 /* Release */ = {
			isa = XCBuildConfiguration;
			buildSettings = {
				ALWAYS_SEARCH_USER_PATHS = NO;
				CLANG_ANALYZER_NONNULL = YES;
				CLANG_ANALYZER_NUMBER_OBJECT_CONVERSION = YES_AGGRESSIVE;
				CLANG_CXX_LANGUAGE_STANDARD = "gnu++14";
				CLANG_CXX_LIBRARY = "libc++";
				CLANG_ENABLE_MODULES = YES;
				CLANG_ENABLE_OBJC_ARC = YES;
				CLANG_ENABLE_OBJC_WEAK = YES;
				CLANG_WARN_BLOCK_CAPTURE_AUTORELEASING = YES;
				CLANG_WARN_BOOL_CONVERSION = YES;
				CLANG_WARN_COMMA = YES;
				CLANG_WARN_CONSTANT_CONVERSION = YES;
				CLANG_WARN_DEPRECATED_OBJC_IMPLEMENTATIONS = YES;
				CLANG_WARN_DIRECT_OBJC_ISA_USAGE = YES_ERROR;
				CLANG_WARN_DOCUMENTATION_COMMENTS = YES;
				CLANG_WARN_EMPTY_BODY = YES;
				CLANG_WARN_ENUM_CONVERSION = YES;
				CLANG_WARN_INFINITE_RECURSION = YES;
				CLANG_WARN_INT_CONVERSION = YES;
				CLANG_WARN_NON_LITERAL_NULL_CONVERSION = YES;
				CLANG_WARN_OBJC_IMPLICIT_RETAIN_SELF = YES;
				CLANG_WARN_OBJC_LITERAL_CONVERSION = YES;
				CLANG_WARN_OBJC_ROOT_CLASS = YES_ERROR;
				CLANG_WARN_QUOTED_INCLUDE_IN_FRAMEWORK_HEADER = YES;
				CLANG_WARN_RANGE_LOOP_ANALYSIS = YES;
				CLANG_WARN_STRICT_PROTOTYPES = YES;
				CLANG_WARN_SUSPICIOUS_MOVE = YES;
				CLANG_WARN_UNGUARDED_AVAILABILITY = YES_AGGRESSIVE;
				CLANG_WARN_UNREACHABLE_CODE = YES;
				CLANG_WARN__DUPLICATE_METHOD_MATCH = YES;
				COPY_PHASE_STRIP = NO;
				DEBUG_INFORMATION_FORMAT = "dwarf-with-dsym";
				ENABLE_NS_ASSERTIONS = NO;
				ENABLE_STRICT_OBJC_MSGSEND = YES;
				GCC_C_LANGUAGE_STANDARD = gnu11;
				GCC_NO_COMMON_BLOCKS = YES;
				GCC_WARN_64_TO_32_BIT_CONVERSION = YES;
				GCC_WARN_ABOUT_RETURN_TYPE = YES_ERROR;
				GCC_WARN_UNDECLARED_SELECTOR = YES;
				GCC_WARN_UNINITIALIZED_AUTOS = YES_AGGRESSIVE;
				GCC_WARN_UNUSED_FUNCTION = YES;
				GCC_WARN_UNUSED_VARIABLE = YES;
				IPHONEOS_DEPLOYMENT_TARGET = 14.4;
				MTL_ENABLE_DEBUG_INFO = NO;
				MTL_FAST_MATH = YES;
				SDKROOT = iphoneos;
				SWIFT_COMPILATION_MODE = wholemodule;
				SWIFT_OPTIMIZATION_LEVEL = "-O";
				VALIDATE_PRODUCT = YES;
			};
			name = Release;
		};
		3631DA0C25D9F9580087DDE3 /* Debug */ = {
			isa = XCBuildConfiguration;
			buildSettings = {
				ASSETCATALOG_COMPILER_APPICON_NAME = AppIcon;
				ASSETCATALOG_COMPILER_GLOBAL_ACCENT_COLOR_NAME = AccentColor;
				CODE_SIGN_STYLE = Automatic;
				INFOPLIST_FILE = flixApp/Info.plist;
				LD_RUNPATH_SEARCH_PATHS = (
					"$(inherited)",
					"@executable_path/Frameworks",
				);
				PRODUCT_BUNDLE_IDENTIFIER = self.flixApp;
				PRODUCT_NAME = "$(TARGET_NAME)";
				SWIFT_VERSION = 5.0;
				TARGETED_DEVICE_FAMILY = "1,2";
			};
			name = Debug;
		};
		3631DA0D25D9F9580087DDE3 /* Release */ = {
			isa = XCBuildConfiguration;
			buildSettings = {
				ASSETCATALOG_COMPILER_APPICON_NAME = AppIcon;
				ASSETCATALOG_COMPILER_GLOBAL_ACCENT_COLOR_NAME = AccentColor;
				CODE_SIGN_STYLE = Automatic;
				INFOPLIST_FILE = flixApp/Info.plist;
				LD_RUNPATH_SEARCH_PATHS = (
					"$(inherited)",
					"@executable_path/Frameworks",
				);
				PRODUCT_BUNDLE_IDENTIFIER = self.flixApp;
				PRODUCT_NAME = "$(TARGET_NAME)";
				SWIFT_VERSION = 5.0;
				TARGETED_DEVICE_FAMILY = "1,2";
			};
			name = Release;
		};
		3631DA0F25D9F9580087DDE3 /* Debug */ = {
			isa = XCBuildConfiguration;
			buildSettings = {
				ALWAYS_EMBED_SWIFT_STANDARD_LIBRARIES = YES;
				BUNDLE_LOADER = "$(TEST_HOST)";
				CODE_SIGN_STYLE = Automatic;
				INFOPLIST_FILE = flixAppTests/Info.plist;
				IPHONEOS_DEPLOYMENT_TARGET = 14.4;
				LD_RUNPATH_SEARCH_PATHS = (
					"$(inherited)",
					"@executable_path/Frameworks",
					"@loader_path/Frameworks",
				);
				PRODUCT_BUNDLE_IDENTIFIER = self.flixAppTests;
				PRODUCT_NAME = "$(TARGET_NAME)";
				SWIFT_VERSION = 5.0;
				TARGETED_DEVICE_FAMILY = "1,2";
				TEST_HOST = "$(BUILT_PRODUCTS_DIR)/flixApp.app/flixApp";
			};
			name = Debug;
		};
		3631DA1025D9F9580087DDE3 /* Release */ = {
			isa = XCBuildConfiguration;
			buildSettings = {
				ALWAYS_EMBED_SWIFT_STANDARD_LIBRARIES = YES;
				BUNDLE_LOADER = "$(TEST_HOST)";
				CODE_SIGN_STYLE = Automatic;
				INFOPLIST_FILE = flixAppTests/Info.plist;
				IPHONEOS_DEPLOYMENT_TARGET = 14.4;
				LD_RUNPATH_SEARCH_PATHS = (
					"$(inherited)",
					"@executable_path/Frameworks",
					"@loader_path/Frameworks",
				);
				PRODUCT_BUNDLE_IDENTIFIER = self.flixAppTests;
				PRODUCT_NAME = "$(TARGET_NAME)";
				SWIFT_VERSION = 5.0;
				TARGETED_DEVICE_FAMILY = "1,2";
				TEST_HOST = "$(BUILT_PRODUCTS_DIR)/flixApp.app/flixApp";
			};
			name = Release;
		};
		3631DA1225D9F9580087DDE3 /* Debug */ = {
			isa = XCBuildConfiguration;
			buildSettings = {
				ALWAYS_EMBED_SWIFT_STANDARD_LIBRARIES = YES;
				CODE_SIGN_STYLE = Automatic;
				INFOPLIST_FILE = flixAppUITests/Info.plist;
				LD_RUNPATH_SEARCH_PATHS = (
					"$(inherited)",
					"@executable_path/Frameworks",
					"@loader_path/Frameworks",
				);
				PRODUCT_BUNDLE_IDENTIFIER = self.flixAppUITests;
				PRODUCT_NAME = "$(TARGET_NAME)";
				SWIFT_VERSION = 5.0;
				TARGETED_DEVICE_FAMILY = "1,2";
				TEST_TARGET_NAME = flixApp;
			};
			name = Debug;
		};
		3631DA1325D9F9580087DDE3 /* Release */ = {
			isa = XCBuildConfiguration;
			buildSettings = {
				ALWAYS_EMBED_SWIFT_STANDARD_LIBRARIES = YES;
				CODE_SIGN_STYLE = Automatic;
				INFOPLIST_FILE = flixAppUITests/Info.plist;
				LD_RUNPATH_SEARCH_PATHS = (
					"$(inherited)",
					"@executable_path/Frameworks",
					"@loader_path/Frameworks",
				);
				PRODUCT_BUNDLE_IDENTIFIER = self.flixAppUITests;
				PRODUCT_NAME = "$(TARGET_NAME)";
				SWIFT_VERSION = 5.0;
				TARGETED_DEVICE_FAMILY = "1,2";
				TEST_TARGET_NAME = flixApp;
			};
			name = Release;
		};
/* End XCBuildConfiguration section */

/* Begin XCConfigurationList section */
		3631D9DC25D9F9540087DDE3 /* Build configuration list for PBXProject "flixApp" */ = {
			isa = XCConfigurationList;
			buildConfigurations = (
				3631DA0925D9F9580087DDE3 /* Debug */,
				3631DA0A25D9F9580087DDE3 /* Release */,
			);
			defaultConfigurationIsVisible = 0;
			defaultConfigurationName = Release;
		};
		3631DA0B25D9F9580087DDE3 /* Build configuration list for PBXNativeTarget "flixApp" */ = {
			isa = XCConfigurationList;
			buildConfigurations = (
				3631DA0C25D9F9580087DDE3 /* Debug */,
				3631DA0D25D9F9580087DDE3 /* Release */,
			);
			defaultConfigurationIsVisible = 0;
			defaultConfigurationName = Release;
		};
		3631DA0E25D9F9580087DDE3 /* Build configuration list for PBXNativeTarget "flixAppTests" */ = {
			isa = XCConfigurationList;
			buildConfigurations = (
				3631DA0F25D9F9580087DDE3 /* Debug */,
				3631DA1025D9F9580087DDE3 /* Release */,
			);
			defaultConfigurationIsVisible = 0;
			defaultConfigurationName = Release;
		};
		3631DA1125D9F9580087DDE3 /* Build configuration list for PBXNativeTarget "flixAppUITests" */ = {
			isa = XCConfigurationList;
			buildConfigurations = (
				3631DA1225D9F9580087DDE3 /* Debug */,
				3631DA1325D9F9580087DDE3 /* Release */,
			);
			defaultConfigurationIsVisible = 0;
			defaultConfigurationName = Release;
		};
/* End XCConfigurationList section */
	};
	rootObject = 3631D9D925D9F9540087DDE3 /* Project object */;
}
